// !$*UTF8*$!
{
	archiveVersion = 1;
	classes = {
	};
	objectVersion = 55;
	objects = {

/* Begin PBXBuildFile section */
		9259861FAF62FDDB40024D03 /* Pods_JustoSampleApp.framework in Frameworks */ = {isa = PBXBuildFile; fileRef = 435F3A6376CC1E996F7A7058 /* Pods_JustoSampleApp.framework */; };
		D39DDAD5294A2DE200079FE6 /* Network.swift in Sources */ = {isa = PBXBuildFile; fileRef = D39DDAD4294A2DE200079FE6 /* Network.swift */; };
		D3C81B7429494A0000B1E978 /* schema.json in Resources */ = {isa = PBXBuildFile; fileRef = D3C81B7329494A0000B1E978 /* schema.json */; };
		D3C81B7829494D1600B1E978 /* fetchCollections.graphql in Resources */ = {isa = PBXBuildFile; fileRef = D3C81B7729494D1600B1E978 /* fetchCollections.graphql */; };
		D3C81B7B29494E0400B1E978 /* API.swift in Sources */ = {isa = PBXBuildFile; fileRef = D3C81B7A29494E0400B1E978 /* API.swift */; };
		D3DA393F294947A600A87AC3 /* AppDelegate.swift in Sources */ = {isa = PBXBuildFile; fileRef = D3DA393E294947A600A87AC3 /* AppDelegate.swift */; };
		D3DA3941294947A600A87AC3 /* SceneDelegate.swift in Sources */ = {isa = PBXBuildFile; fileRef = D3DA3940294947A600A87AC3 /* SceneDelegate.swift */; };
		D3DA3943294947A600A87AC3 /* ViewController.swift in Sources */ = {isa = PBXBuildFile; fileRef = D3DA3942294947A600A87AC3 /* ViewController.swift */; };
		D3DA3946294947A600A87AC3 /* Main.storyboard in Resources */ = {isa = PBXBuildFile; fileRef = D3DA3944294947A600A87AC3 /* Main.storyboard */; };
		D3DA3948294947A700A87AC3 /* Assets.xcassets in Resources */ = {isa = PBXBuildFile; fileRef = D3DA3947294947A700A87AC3 /* Assets.xcassets */; };
		D3DA394B294947A700A87AC3 /* LaunchScreen.storyboard in Resources */ = {isa = PBXBuildFile; fileRef = D3DA3949294947A700A87AC3 /* LaunchScreen.storyboard */; };
/* End PBXBuildFile section */

/* Begin PBXFileReference section */
		3007D7F0D9E0238BF3BBC60D /* Pods-JustoSampleApp.release.xcconfig */ = {isa = PBXFileReference; includeInIndex = 1; lastKnownFileType = text.xcconfig; name = "Pods-JustoSampleApp.release.xcconfig"; path = "Target Support Files/Pods-JustoSampleApp/Pods-JustoSampleApp.release.xcconfig"; sourceTree = "<group>"; };
		435F3A6376CC1E996F7A7058 /* Pods_JustoSampleApp.framework */ = {isa = PBXFileReference; explicitFileType = wrapper.framework; includeInIndex = 0; path = Pods_JustoSampleApp.framework; sourceTree = BUILT_PRODUCTS_DIR; };
		65A56BDE19E9C82136087F44 /* Pods-JustoSampleApp.debug.xcconfig */ = {isa = PBXFileReference; includeInIndex = 1; lastKnownFileType = text.xcconfig; name = "Pods-JustoSampleApp.debug.xcconfig"; path = "Target Support Files/Pods-JustoSampleApp/Pods-JustoSampleApp.debug.xcconfig"; sourceTree = "<group>"; };
		D39DDAD4294A2DE200079FE6 /* Network.swift */ = {isa = PBXFileReference; lastKnownFileType = sourcecode.swift; path = Network.swift; sourceTree = "<group>"; };
		D3C81B7329494A0000B1E978 /* schema.json */ = {isa = PBXFileReference; fileEncoding = 4; lastKnownFileType = text.json; path = schema.json; sourceTree = SOURCE_ROOT; };
		D3C81B7729494D1600B1E978 /* fetchCollections.graphql */ = {isa = PBXFileReference; lastKnownFileType = text; path = fetchCollections.graphql; sourceTree = "<group>"; };
		D3C81B7A29494E0400B1E978 /* API.swift */ = {isa = PBXFileReference; fileEncoding = 4; lastKnownFileType = sourcecode.swift; path = API.swift; sourceTree = "<group>"; };
		D3DA393B294947A600A87AC3 /* JustoSampleApp.app */ = {isa = PBXFileReference; explicitFileType = wrapper.application; includeInIndex = 0; path = JustoSampleApp.app; sourceTree = BUILT_PRODUCTS_DIR; };
		D3DA393E294947A600A87AC3 /* AppDelegate.swift */ = {isa = PBXFileReference; lastKnownFileType = sourcecode.swift; path = AppDelegate.swift; sourceTree = "<group>"; };
		D3DA3940294947A600A87AC3 /* SceneDelegate.swift */ = {isa = PBXFileReference; lastKnownFileType = sourcecode.swift; path = SceneDelegate.swift; sourceTree = "<group>"; };
		D3DA3942294947A600A87AC3 /* ViewController.swift */ = {isa = PBXFileReference; lastKnownFileType = sourcecode.swift; path = ViewController.swift; sourceTree = "<group>"; };
		D3DA3945294947A600A87AC3 /* Base */ = {isa = PBXFileReference; lastKnownFileType = file.storyboard; name = Base; path = Base.lproj/Main.storyboard; sourceTree = "<group>"; };
		D3DA3947294947A700A87AC3 /* Assets.xcassets */ = {isa = PBXFileReference; lastKnownFileType = folder.assetcatalog; path = Assets.xcassets; sourceTree = "<group>"; };
		D3DA394A294947A700A87AC3 /* Base */ = {isa = PBXFileReference; lastKnownFileType = file.storyboard; name = Base; path = Base.lproj/LaunchScreen.storyboard; sourceTree = "<group>"; };
		D3DA394C294947A700A87AC3 /* Info.plist */ = {isa = PBXFileReference; lastKnownFileType = text.plist.xml; path = Info.plist; sourceTree = "<group>"; };
/* End PBXFileReference section */

/* Begin PBXFrameworksBuildPhase section */
		D3DA3938294947A600A87AC3 /* Frameworks */ = {
			isa = PBXFrameworksBuildPhase;
			buildActionMask = 2147483647;
			files = (
				9259861FAF62FDDB40024D03 /* Pods_JustoSampleApp.framework in Frameworks */,
			);
			runOnlyForDeploymentPostprocessing = 0;
		};
/* End PBXFrameworksBuildPhase section */

/* Begin PBXGroup section */
		56E596401662AB4AE53EEF63 /* Frameworks */ = {
			isa = PBXGroup;
			children = (
				435F3A6376CC1E996F7A7058 /* Pods_JustoSampleApp.framework */,
			);
			name = Frameworks;
			sourceTree = "<group>";
		};
		7B4BA4C53342F54AB52683B4 /* Pods */ = {
			isa = PBXGroup;
			children = (
				65A56BDE19E9C82136087F44 /* Pods-JustoSampleApp.debug.xcconfig */,
				3007D7F0D9E0238BF3BBC60D /* Pods-JustoSampleApp.release.xcconfig */,
			);
			path = Pods;
			sourceTree = "<group>";
		};
		D3C18124294B81CA00272152 /* Network */ = {
			isa = PBXGroup;
			children = (
				D39DDAD4294A2DE200079FE6 /* Network.swift */,
			);
			path = Network;
			sourceTree = "<group>";
		};
		D3C18125294B843400272152 /* Modules */ = {
			isa = PBXGroup;
			children = (
				D3C18126294B844900272152 /* Data */,
				D3C18127294B848600272152 /* Domain */,
				D3C18128294B84D300272152 /* UI */,
			);
			path = Modules;
			sourceTree = "<group>";
		};
		D3C18126294B844900272152 /* Data */ = {
			isa = PBXGroup;
			children = (
				D3C18129294B850200272152 /* Remote */,
			);
			path = Data;
			sourceTree = "<group>";
		};
		D3C18127294B848600272152 /* Domain */ = {
			isa = PBXGroup;
			children = (
			);
			path = Domain;
			sourceTree = "<group>";
		};
		D3C18128294B84D300272152 /* UI */ = {
			isa = PBXGroup;
			children = (
			);
			path = UI;
			sourceTree = "<group>";
		};
		D3C18129294B850200272152 /* Remote */ = {
			isa = PBXGroup;
			children = (
				D3C1812A294B851800272152 /* Graphql */,
				D3C1812B294B913C00272152 /* Model */,
			);
			path = Remote;
			sourceTree = "<group>";
		};
		D3C1812A294B851800272152 /* Graphql */ = {
			isa = PBXGroup;
			children = (
				D3C81B7729494D1600B1E978 /* fetchCollections.graphql */,
			);
			path = Graphql;
			sourceTree = "<group>";
		};
		D3C1812B294B913C00272152 /* Model */ = {
			isa = PBXGroup;
			children = (
			);
			path = Model;
			sourceTree = "<group>";
		};
		D3DA3932294947A600A87AC3 = {
			isa = PBXGroup;
			children = (
				D3DA393D294947A600A87AC3 /* JustoSampleApp */,
				D3DA393C294947A600A87AC3 /* Products */,
				7B4BA4C53342F54AB52683B4 /* Pods */,
				56E596401662AB4AE53EEF63 /* Frameworks */,
			);
			sourceTree = "<group>";
		};
		D3DA393C294947A600A87AC3 /* Products */ = {
			isa = PBXGroup;
			children = (
				D3DA393B294947A600A87AC3 /* JustoSampleApp.app */,
			);
			name = Products;
			sourceTree = "<group>";
		};
		D3DA393D294947A600A87AC3 /* JustoSampleApp */ = {
			isa = PBXGroup;
			children = (
				D3C18124294B81CA00272152 /* Network */,
				D3C18125294B843400272152 /* Modules */,
				D3C81B7A29494E0400B1E978 /* API.swift */,
				D3C81B7329494A0000B1E978 /* schema.json */,
				D3DA393E294947A600A87AC3 /* AppDelegate.swift */,
				D3DA3940294947A600A87AC3 /* SceneDelegate.swift */,
				D3DA3942294947A600A87AC3 /* ViewController.swift */,
				D3DA3944294947A600A87AC3 /* Main.storyboard */,
				D3DA3947294947A700A87AC3 /* Assets.xcassets */,
				D3DA3949294947A700A87AC3 /* LaunchScreen.storyboard */,
				D3DA394C294947A700A87AC3 /* Info.plist */,
			);
			path = JustoSampleApp;
			sourceTree = "<group>";
		};
/* End PBXGroup section */

/* Begin PBXNativeTarget section */
		D3DA393A294947A600A87AC3 /* JustoSampleApp */ = {
			isa = PBXNativeTarget;
			buildConfigurationList = D3DA394F294947A700A87AC3 /* Build configuration list for PBXNativeTarget "JustoSampleApp" */;
			buildPhases = (
				6AD0F8C44851C35111F87C18 /* [CP] Check Pods Manifest.lock */,
				D3DA3937294947A600A87AC3 /* Sources */,
				D3DA3938294947A600A87AC3 /* Frameworks */,
				D3DA3939294947A600A87AC3 /* Resources */,
				37C5DA3F48F72CE4F7F5601E /* [CP] Embed Pods Frameworks */,
				D3C81B7929494D8C00B1E978 /* Generate Apollo GraphQL API */,
			);
			buildRules = (
			);
			dependencies = (
			);
			name = JustoSampleApp;
			productName = JustoSampleApp;
			productReference = D3DA393B294947A600A87AC3 /* JustoSampleApp.app */;
			productType = "com.apple.product-type.application";
		};
/* End PBXNativeTarget section */

/* Begin PBXProject section */
		D3DA3933294947A600A87AC3 /* Project object */ = {
			isa = PBXProject;
			attributes = {
				BuildIndependentTargetsInParallel = 1;
				LastSwiftUpdateCheck = 1320;
				LastUpgradeCheck = 1320;
				TargetAttributes = {
					D3DA393A294947A600A87AC3 = {
						CreatedOnToolsVersion = 13.2.1;
					};
				};
			};
			buildConfigurationList = D3DA3936294947A600A87AC3 /* Build configuration list for PBXProject "JustoSampleApp" */;
			compatibilityVersion = "Xcode 13.0";
			developmentRegion = en;
			hasScannedForEncodings = 0;
			knownRegions = (
				en,
				Base,
			);
			mainGroup = D3DA3932294947A600A87AC3;
			productRefGroup = D3DA393C294947A600A87AC3 /* Products */;
			projectDirPath = "";
			projectRoot = "";
			targets = (
				D3DA393A294947A600A87AC3 /* JustoSampleApp */,
			);
		};
/* End PBXProject section */

/* Begin PBXResourcesBuildPhase section */
		D3DA3939294947A600A87AC3 /* Resources */ = {
			isa = PBXResourcesBuildPhase;
			buildActionMask = 2147483647;
			files = (
				D3C81B7429494A0000B1E978 /* schema.json in Resources */,
				D3C81B7829494D1600B1E978 /* fetchCollections.graphql in Resources */,
				D3DA394B294947A700A87AC3 /* LaunchScreen.storyboard in Resources */,
				D3DA3948294947A700A87AC3 /* Assets.xcassets in Resources */,
				D3DA3946294947A600A87AC3 /* Main.storyboard in Resources */,
			);
			runOnlyForDeploymentPostprocessing = 0;
		};
/* End PBXResourcesBuildPhase section */

/* Begin PBXShellScriptBuildPhase section */
		37C5DA3F48F72CE4F7F5601E /* [CP] Embed Pods Frameworks */ = {
			isa = PBXShellScriptBuildPhase;
			buildActionMask = 2147483647;
			files = (
			);
			inputFileListPaths = (
				"${PODS_ROOT}/Target Support Files/Pods-JustoSampleApp/Pods-JustoSampleApp-frameworks-${CONFIGURATION}-input-files.xcfilelist",
			);
			name = "[CP] Embed Pods Frameworks";
			outputFileListPaths = (
				"${PODS_ROOT}/Target Support Files/Pods-JustoSampleApp/Pods-JustoSampleApp-frameworks-${CONFIGURATION}-output-files.xcfilelist",
			);
			runOnlyForDeploymentPostprocessing = 0;
			shellPath = /bin/sh;
			shellScript = "\"${PODS_ROOT}/Target Support Files/Pods-JustoSampleApp/Pods-JustoSampleApp-frameworks.sh\"\n";
			showEnvVarsInLog = 0;
		};
		6AD0F8C44851C35111F87C18 /* [CP] Check Pods Manifest.lock */ = {
			isa = PBXShellScriptBuildPhase;
			buildActionMask = 2147483647;
			files = (
			);
			inputFileListPaths = (
			);
			inputPaths = (
				"${PODS_PODFILE_DIR_PATH}/Podfile.lock",
				"${PODS_ROOT}/Manifest.lock",
			);
			name = "[CP] Check Pods Manifest.lock";
			outputFileListPaths = (
			);
			outputPaths = (
				"$(DERIVED_FILE_DIR)/Pods-JustoSampleApp-checkManifestLockResult.txt",
			);
			runOnlyForDeploymentPostprocessing = 0;
			shellPath = /bin/sh;
			shellScript = "diff \"${PODS_PODFILE_DIR_PATH}/Podfile.lock\" \"${PODS_ROOT}/Manifest.lock\" > /dev/null\nif [ $? != 0 ] ; then\n    # print error to STDERR\n    echo \"error: The sandbox is not in sync with the Podfile.lock. Run 'pod install' or update your CocoaPods installation.\" >&2\n    exit 1\nfi\n# This output is used by Xcode 'outputs' to avoid re-running this script phase.\necho \"SUCCESS\" > \"${SCRIPT_OUTPUT_FILE_0}\"\n";
			showEnvVarsInLog = 0;
		};
		D3C81B7929494D8C00B1E978 /* Generate Apollo GraphQL API */ = {
			isa = PBXShellScriptBuildPhase;
			buildActionMask = 2147483647;
			files = (
			);
			inputFileListPaths = (
			);
			inputPaths = (
			);
			name = "Generate Apollo GraphQL API";
			outputFileListPaths = (
			);
			outputPaths = (
			);
			runOnlyForDeploymentPostprocessing = 0;
			shellPath = /bin/sh;
			shellScript = "# Type a script or drag a script file from your workspace to insert its path.\nSCRIPT_PATH=\"${PODS_ROOT}/Apollo/scripts\"\ncd \"${SRCROOT}/${TARGET_NAME}\"\n\"${SCRIPT_PATH}\"/run-bundled-codegen.sh codegen:generate --target=swift --includes=./**/*.graphql --localSchemaFile=\"${SRCROOT}/schema.json\" API.swift\n";
		};
/* End PBXShellScriptBuildPhase section */

/* Begin PBXSourcesBuildPhase section */
		D3DA3937294947A600A87AC3 /* Sources */ = {
			isa = PBXSourcesBuildPhase;
			buildActionMask = 2147483647;
			files = (
				D39DDAD5294A2DE200079FE6 /* Network.swift in Sources */,
				D3DA3943294947A600A87AC3 /* ViewController.swift in Sources */,
				D3DA393F294947A600A87AC3 /* AppDelegate.swift in Sources */,
				D3C81B7B29494E0400B1E978 /* API.swift in Sources */,
				D3DA3941294947A600A87AC3 /* SceneDelegate.swift in Sources */,
			);
			runOnlyForDeploymentPostprocessing = 0;
		};
/* End PBXSourcesBuildPhase section */

/* Begin PBXVariantGroup section */
		D3DA3944294947A600A87AC3 /* Main.storyboard */ = {
			isa = PBXVariantGroup;
			children = (
				D3DA3945294947A600A87AC3 /* Base */,
			);
			name = Main.storyboard;
			sourceTree = "<group>";
		};
		D3DA3949294947A700A87AC3 /* LaunchScreen.storyboard */ = {
			isa = PBXVariantGroup;
			children = (
				D3DA394A294947A700A87AC3 /* Base */,
			);
			name = LaunchScreen.storyboard;
			sourceTree = "<group>";
		};
/* End PBXVariantGroup section */

/* Begin XCBuildConfiguration section */
		D3DA394D294947A700A87AC3 /* Debug */ = {
			isa = XCBuildConfiguration;
			buildSettings = {
				ALWAYS_SEARCH_USER_PATHS = NO;
				CLANG_ANALYZER_NONNULL = YES;
				CLANG_ANALYZER_NUMBER_OBJECT_CONVERSION = YES_AGGRESSIVE;
				CLANG_CXX_LANGUAGE_STANDARD = "gnu++17";
				CLANG_CXX_LIBRARY = "libc++";
				CLANG_ENABLE_MODULES = YES;
				CLANG_ENABLE_OBJC_ARC = YES;
				CLANG_ENABLE_OBJC_WEAK = YES;
				CLANG_WARN_BLOCK_CAPTURE_AUTORELEASING = YES;
				CLANG_WARN_BOOL_CONVERSION = YES;
				CLANG_WARN_COMMA = YES;
				CLANG_WARN_CONSTANT_CONVERSION = YES;
				CLANG_WARN_DEPRECATED_OBJC_IMPLEMENTATIONS = YES;
				CLANG_WARN_DIRECT_OBJC_ISA_USAGE = YES_ERROR;
				CLANG_WARN_DOCUMENTATION_COMMENTS = YES;
				CLANG_WARN_EMPTY_BODY = YES;
				CLANG_WARN_ENUM_CONVERSION = YES;
				CLANG_WARN_INFINITE_RECURSION = YES;
				CLANG_WARN_INT_CONVERSION = YES;
				CLANG_WARN_NON_LITERAL_NULL_CONVERSION = YES;
				CLANG_WARN_OBJC_IMPLICIT_RETAIN_SELF = YES;
				CLANG_WARN_OBJC_LITERAL_CONVERSION = YES;
				CLANG_WARN_OBJC_ROOT_CLASS = YES_ERROR;
				CLANG_WARN_QUOTED_INCLUDE_IN_FRAMEWORK_HEADER = YES;
				CLANG_WARN_RANGE_LOOP_ANALYSIS = YES;
				CLANG_WARN_STRICT_PROTOTYPES = YES;
				CLANG_WARN_SUSPICIOUS_MOVE = YES;
				CLANG_WARN_UNGUARDED_AVAILABILITY = YES_AGGRESSIVE;
				CLANG_WARN_UNREACHABLE_CODE = YES;
				CLANG_WARN__DUPLICATE_METHOD_MATCH = YES;
				COPY_PHASE_STRIP = NO;
				DEBUG_INFORMATION_FORMAT = dwarf;
				ENABLE_STRICT_OBJC_MSGSEND = YES;
				ENABLE_TESTABILITY = YES;
				GCC_C_LANGUAGE_STANDARD = gnu11;
				GCC_DYNAMIC_NO_PIC = NO;
				GCC_NO_COMMON_BLOCKS = YES;
				GCC_OPTIMIZATION_LEVEL = 0;
				GCC_PREPROCESSOR_DEFINITIONS = (
					"DEBUG=1",
					"$(inherited)",
				);
				GCC_WARN_64_TO_32_BIT_CONVERSION = YES;
				GCC_WARN_ABOUT_RETURN_TYPE = YES_ERROR;
				GCC_WARN_UNDECLARED_SELECTOR = YES;
				GCC_WARN_UNINITIALIZED_AUTOS = YES_AGGRESSIVE;
				GCC_WARN_UNUSED_FUNCTION = YES;
				GCC_WARN_UNUSED_VARIABLE = YES;
				IPHONEOS_DEPLOYMENT_TARGET = 15.2;
				MTL_ENABLE_DEBUG_INFO = INCLUDE_SOURCE;
				MTL_FAST_MATH = YES;
				ONLY_ACTIVE_ARCH = YES;
				SDKROOT = iphoneos;
				SWIFT_ACTIVE_COMPILATION_CONDITIONS = DEBUG;
				SWIFT_OPTIMIZATION_LEVEL = "-Onone";
			};
			name = Debug;
		};
		D3DA394E294947A700A87AC3 /* Release */ = {
			isa = XCBuildConfiguration;
			buildSettings = {
				ALWAYS_SEARCH_USER_PATHS = NO;
				CLANG_ANALYZER_NONNULL = YES;
				CLANG_ANALYZER_NUMBER_OBJECT_CONVERSION = YES_AGGRESSIVE;
				CLANG_CXX_LANGUAGE_STANDARD = "gnu++17";
				CLANG_CXX_LIBRARY = "libc++";
				CLANG_ENABLE_MODULES = YES;
				CLANG_ENABLE_OBJC_ARC = YES;
				CLANG_ENABLE_OBJC_WEAK = YES;
				CLANG_WARN_BLOCK_CAPTURE_AUTORELEASING = YES;
				CLANG_WARN_BOOL_CONVERSION = YES;
				CLANG_WARN_COMMA = YES;
				CLANG_WARN_CONSTANT_CONVERSION = YES;
				CLANG_WARN_DEPRECATED_OBJC_IMPLEMENTATIONS = YES;
				CLANG_WARN_DIRECT_OBJC_ISA_USAGE = YES_ERROR;
				CLANG_WARN_DOCUMENTATION_COMMENTS = YES;
				CLANG_WARN_EMPTY_BODY = YES;
				CLANG_WARN_ENUM_CONVERSION = YES;
				CLANG_WARN_INFINITE_RECURSION = YES;
				CLANG_WARN_INT_CONVERSION = YES;
				CLANG_WARN_NON_LITERAL_NULL_CONVERSION = YES;
				CLANG_WARN_OBJC_IMPLICIT_RETAIN_SELF = YES;
				CLANG_WARN_OBJC_LITERAL_CONVERSION = YES;
				CLANG_WARN_OBJC_ROOT_CLASS = YES_ERROR;
				CLANG_WARN_QUOTED_INCLUDE_IN_FRAMEWORK_HEADER = YES;
				CLANG_WARN_RANGE_LOOP_ANALYSIS = YES;
				CLANG_WARN_STRICT_PROTOTYPES = YES;
				CLANG_WARN_SUSPICIOUS_MOVE = YES;
				CLANG_WARN_UNGUARDED_AVAILABILITY = YES_AGGRESSIVE;
				CLANG_WARN_UNREACHABLE_CODE = YES;
				CLANG_WARN__DUPLICATE_METHOD_MATCH = YES;
				COPY_PHASE_STRIP = NO;
				DEBUG_INFORMATION_FORMAT = "dwarf-with-dsym";
				ENABLE_NS_ASSERTIONS = NO;
				ENABLE_STRICT_OBJC_MSGSEND = YES;
				GCC_C_LANGUAGE_STANDARD = gnu11;
				GCC_NO_COMMON_BLOCKS = YES;
				GCC_WARN_64_TO_32_BIT_CONVERSION = YES;
				GCC_WARN_ABOUT_RETURN_TYPE = YES_ERROR;
				GCC_WARN_UNDECLARED_SELECTOR = YES;
				GCC_WARN_UNINITIALIZED_AUTOS = YES_AGGRESSIVE;
				GCC_WARN_UNUSED_FUNCTION = YES;
				GCC_WARN_UNUSED_VARIABLE = YES;
				IPHONEOS_DEPLOYMENT_TARGET = 15.2;
				MTL_ENABLE_DEBUG_INFO = NO;
				MTL_FAST_MATH = YES;
				SDKROOT = iphoneos;
				SWIFT_COMPILATION_MODE = wholemodule;
				SWIFT_OPTIMIZATION_LEVEL = "-O";
				VALIDATE_PRODUCT = YES;
			};
			name = Release;
		};
		D3DA3950294947A700A87AC3 /* Debug */ = {
			isa = XCBuildConfiguration;
			baseConfigurationReference = 65A56BDE19E9C82136087F44 /* Pods-JustoSampleApp.debug.xcconfig */;
			buildSettings = {
				ASSETCATALOG_COMPILER_APPICON_NAME = AppIcon;
				ASSETCATALOG_COMPILER_GLOBAL_ACCENT_COLOR_NAME = AccentColor;
				CODE_SIGN_STYLE = Automatic;
				CURRENT_PROJECT_VERSION = 1;
				DEVELOPMENT_TEAM = T2QF3USGP2;
				GENERATE_INFOPLIST_FILE = YES;
				INFOPLIST_FILE = JustoSampleApp/Info.plist;
				INFOPLIST_KEY_UIApplicationSupportsIndirectInputEvents = YES;
				INFOPLIST_KEY_UILaunchStoryboardName = LaunchScreen;
				INFOPLIST_KEY_UIMainStoryboardFile = Main;
				INFOPLIST_KEY_UISupportedInterfaceOrientations_iPad = "UIInterfaceOrientationPortrait UIInterfaceOrientationPortraitUpsideDown UIInterfaceOrientationLandscapeLeft UIInterfaceOrientationLandscapeRight";
				INFOPLIST_KEY_UISupportedInterfaceOrientations_iPhone = "UIInterfaceOrientationPortrait UIInterfaceOrientationLandscapeLeft UIInterfaceOrientationLandscapeRight";
				LD_RUNPATH_SEARCH_PATHS = (
					"$(inherited)",
					"@executable_path/Frameworks",
				);
				MARKETING_VERSION = 1.0;
				PRODUCT_BUNDLE_IDENTIFIER = mx.justo.ios.JustoSampleApp;
				PRODUCT_NAME = "$(TARGET_NAME)";
				SWIFT_EMIT_LOC_STRINGS = YES;
				SWIFT_VERSION = 5.0;
				TARGETED_DEVICE_FAMILY = "1,2";
			};
			name = Debug;
		};
		D3DA3951294947A700A87AC3 /* Release */ = {
			isa = XCBuildConfiguration;
			baseConfigurationReference = 3007D7F0D9E0238BF3BBC60D /* Pods-JustoSampleApp.release.xcconfig */;
			buildSettings = {
				ASSETCATALOG_COMPILER_APPICON_NAME = AppIcon;
				ASSETCATALOG_COMPILER_GLOBAL_ACCENT_COLOR_NAME = AccentColor;
				CODE_SIGN_STYLE = Automatic;
				CURRENT_PROJECT_VERSION = 1;
				DEVELOPMENT_TEAM = T2QF3USGP2;
				GENERATE_INFOPLIST_FILE = YES;
				INFOPLIST_FILE = JustoSampleApp/Info.plist;
				INFOPLIST_KEY_UIApplicationSupportsIndirectInputEvents = YES;
				INFOPLIST_KEY_UILaunchStoryboardName = LaunchScreen;
				INFOPLIST_KEY_UIMainStoryboardFile = Main;
				INFOPLIST_KEY_UISupportedInterfaceOrientations_iPad = "UIInterfaceOrientationPortrait UIInterfaceOrientationPortraitUpsideDown UIInterfaceOrientationLandscapeLeft UIInterfaceOrientationLandscapeRight";
				INFOPLIST_KEY_UISupportedInterfaceOrientations_iPhone = "UIInterfaceOrientationPortrait UIInterfaceOrientationLandscapeLeft UIInterfaceOrientationLandscapeRight";
				LD_RUNPATH_SEARCH_PATHS = (
					"$(inherited)",
					"@executable_path/Frameworks",
				);
				MARKETING_VERSION = 1.0;
				PRODUCT_BUNDLE_IDENTIFIER = mx.justo.ios.JustoSampleApp;
				PRODUCT_NAME = "$(TARGET_NAME)";
				SWIFT_EMIT_LOC_STRINGS = YES;
				SWIFT_VERSION = 5.0;
				TARGETED_DEVICE_FAMILY = "1,2";
			};
			name = Release;
		};
/* End XCBuildConfiguration section */

/* Begin XCConfigurationList section */
		D3DA3936294947A600A87AC3 /* Build configuration list for PBXProject "JustoSampleApp" */ = {
			isa = XCConfigurationList;
			buildConfigurations = (
				D3DA394D294947A700A87AC3 /* Debug */,
				D3DA394E294947A700A87AC3 /* Release */,
			);
			defaultConfigurationIsVisible = 0;
			defaultConfigurationName = Release;
		};
		D3DA394F294947A700A87AC3 /* Build configuration list for PBXNativeTarget "JustoSampleApp" */ = {
			isa = XCConfigurationList;
			buildConfigurations = (
				D3DA3950294947A700A87AC3 /* Debug */,
				D3DA3951294947A700A87AC3 /* Release */,
			);
			defaultConfigurationIsVisible = 0;
			defaultConfigurationName = Release;
		};
/* End XCConfigurationList section */
	};
	rootObject = D3DA3933294947A600A87AC3 /* Project object */;
}
